
Microsoft Visual Studio Solution File, Format Version 12.00
# Visual Studio Version 17
VisualStudioVersion = 17.0.31903.59
MinimumVisualStudioVersion = 10.0.40219.1
Project("{FAE04EC0-301F-11D3-BF4B-00C04F79EFBC}") = "Brimborium.ReturnValue", "Brimborium.ReturnValue\Brimborium.ReturnValue.csproj", "{4E4846B6-2DA7-41A5-8FA0-53A741DBB9DE}"
EndProject
Project("{FAE04EC0-301F-11D3-BF4B-00C04F79EFBC}") = "Brimborium.ReturnValue.Test", "Brimborium.ReturnValue.Test\Brimborium.ReturnValue.Test.csproj", "{73BFA5D1-FACC-4EE7-8640-984D13100045}"
EndProject
Global
	GlobalSection(SolutionConfigurationPlatforms) = preSolution
		Debug|Any CPU = Debug|Any CPU
		Release|Any CPU = Release|Any CPU
	EndGlobalSection
	GlobalSection(SolutionProperties) = preSolution
		HideSolutionNode = FALSE
	EndGlobalSection
	GlobalSection(ProjectConfigurationPlatforms) = postSolution
		{4E4846B6-2DA7-41A5-8FA0-53A741DBB9DE}.Debug|Any CPU.ActiveCfg = Debug|Any CPU
		{4E4846B6-2DA7-41A5-8FA0-53A741DBB9DE}.Debug|Any CPU.Build.0 = Debug|Any CPU
		{4E4846B6-2DA7-41A5-8FA0-53A741DBB9DE}.Release|Any CPU.ActiveCfg = Release|Any CPU
		{4E4846B6-2DA7-41A5-8FA0-53A741DBB9DE}.Release|Any CPU.Build.0 = Release|Any CPU
		{73BFA5D1-FACC-4EE7-8640-984D13100045}.Debug|Any CPU.ActiveCfg = Debug|Any CPU
		{73BFA5D1-FACC-4EE7-8640-984D13100045}.Debug|Any CPU.Build.0 = Debug|Any CPU
		{73BFA5D1-FACC-4EE7-8640-984D13100045}.Release|Any CPU.ActiveCfg = Release|Any CPU
		{73BFA5D1-FACC-4EE7-8640-984D13100045}.Release|Any CPU.Build.0 = Release|Any CPU
	EndGlobalSection
EndGlobal
